
Microsoft Visual Studio Solution File, Format Version 12.00
Project("{FAE04EC0-301F-11D3-BF4B-00C04F79EFBC}") = "ApiGateway", "ApiGateway\ApiGateway.csproj", "{9DB648B4-F06D-40CA-9A27-21A2791B4820}"
EndProject
Global
	GlobalSection(SolutionConfigurationPlatforms) = preSolution
		Debug|Any CPU = Debug|Any CPU
		Release|Any CPU = Release|Any CPU
	EndGlobalSection
	GlobalSection(ProjectConfigurationPlatforms) = postSolution
		{9DB648B4-F06D-40CA-9A27-21A2791B4820}.Debug|Any CPU.ActiveCfg = Debug|Any CPU
		{9DB648B4-F06D-40CA-9A27-21A2791B4820}.Debug|Any CPU.Build.0 = Debug|Any CPU
		{9DB648B4-F06D-40CA-9A27-21A2791B4820}.Release|Any CPU.ActiveCfg = Release|Any CPU
		{9DB648B4-F06D-40CA-9A27-21A2791B4820}.Release|Any CPU.Build.0 = Release|Any CPU
	EndGlobalSection
EndGlobal
